
Microsoft Visual Studio Solution File, Format Version 12.00
# Visual Studio Version 16
VisualStudioVersion = 16.0.29709.97
MinimumVisualStudioVersion = 10.0.40219.1
Project("{8BC9CEB8-8B4A-11D0-8D11-00A0C91BC942}") = "Sandbox", "Sandbox\Sandbox.vcxproj", "{1CC315D7-A0E9-4027-A457-2D75D938881A}"
EndProject
Project("{8BC9CEB8-8B4A-11D0-8D11-00A0C91BC942}") = "Rainbow", "Rainbow\Rainbow.vcxproj", "{843776C1-9801-4341-A282-C67DEED1DCE1}"
EndProject
Global
	GlobalSection(SolutionConfigurationPlatforms) = preSolution
		Debug|x64 = Debug|x64
		Release|x64 = Release|x64
	EndGlobalSection
	GlobalSection(ProjectConfigurationPlatforms) = postSolution
		{843776C1-9801-4341-A282-C67DEED1DCE1}.Debug|x64.ActiveCfg = Debug|x64
		{843776C1-9801-4341-A282-C67DEED1DCE1}.Debug|x64.Build.0 = Debug|x64
		{843776C1-9801-4341-A282-C67DEED1DCE1}.Release|x64.ActiveCfg = Release|x64
		{843776C1-9801-4341-A282-C67DEED1DCE1}.Release|x64.Build.0 = Release|x64
		{1CC315D7-A0E9-4027-A457-2D75D938881A}.Debug|x64.ActiveCfg = Debug|x64
		{1CC315D7-A0E9-4027-A457-2D75D938881A}.Debug|x64.Build.0 = Debug|x64
		{1CC315D7-A0E9-4027-A457-2D75D938881A}.Release|x64.ActiveCfg = Release|x64
		{1CC315D7-A0E9-4027-A457-2D75D938881A}.Release|x64.Build.0 = Release|x64
	EndGlobalSection
	GlobalSection(SolutionProperties) = preSolution
		HideSolutionNode = FALSE
	EndGlobalSection
	GlobalSection(ExtensibilityGlobals) = postSolution
		SolutionGuid = {1ABFEDF8-BEB1-4DB0-814E-8977F706A0BD}
	EndGlobalSection
EndGlobal
